
Microsoft Visual Studio Solution File, Format Version 12.00
# Visual Studio Version 17
VisualStudioVersion = 17.3.32901.215
MinimumVisualStudioVersion = 10.0.40219.1
Project("{9A19103F-16F7-4668-BE54-9A1E7A4F7556}") = "PW4_3", "PW4_3.csproj", "{4AF9CA0D-0054-427D-B76A-2FC9849524C7}"
EndProject
Global
	GlobalSection(SolutionConfigurationPlatforms) = preSolution
		Debug|Any CPU = Debug|Any CPU
		Release|Any CPU = Release|Any CPU
	EndGlobalSection
	GlobalSection(ProjectConfigurationPlatforms) = postSolution
		{4AF9CA0D-0054-427D-B76A-2FC9849524C7}.Debug|Any CPU.ActiveCfg = Debug|Any CPU
		{4AF9CA0D-0054-427D-B76A-2FC9849524C7}.Debug|Any CPU.Build.0 = Debug|Any CPU
		{4AF9CA0D-0054-427D-B76A-2FC9849524C7}.Release|Any CPU.ActiveCfg = Release|Any CPU
		{4AF9CA0D-0054-427D-B76A-2FC9849524C7}.Release|Any CPU.Build.0 = Release|Any CPU
	EndGlobalSection
	GlobalSection(SolutionProperties) = preSolution
		HideSolutionNode = FALSE
	EndGlobalSection
	GlobalSection(ExtensibilityGlobals) = postSolution
		SolutionGuid = {A27E0A4D-FC0A-48AF-9DAB-13AD98BB2D16}
	EndGlobalSection
EndGlobal
